PODS:
  - Flutter (1.0.0)
  - flutter_secure_storage (6.0.0):
    - Flutter
  - flutter_siri_shortcuts (0.0.1):
    - Flutter
  - flutter_siri_suggestions (0.0.1):
    - Flutter
  - flutter_vlc_player (3.0.3):
    - Flutter
    - MobileVLCKit (~> 3.6.0b9)
  - KeychainSwift (19.0.0)
  - MobileVLCKit (3.6.0b11)
  - network_info_plus (0.0.1):
    - Flutter
  - path_provider_foundation (0.0.1):
    - Flutter
    - FlutterMacOS
  - shared_preferences_foundation (0.0.1):
    - Flutter
    - FlutterMacOS
  - video_player_avfoundation (0.0.1):
    - Flutter
    - FlutterMacOS

DEPENDENCIES:
  - Flutter (from `Flutter`)
  - flutter_secure_storage (from `.symlinks/plugins/flutter_secure_storage/ios`)
  - flutter_siri_shortcuts (from `.symlinks/plugins/flutter_siri_shortcuts/ios`)
  - flutter_siri_suggestions (from `.symlinks/plugins/flutter_siri_suggestions/ios`)
  - flutter_vlc_player (from `.symlinks/plugins/flutter_vlc_player/ios`)
  - KeychainSwift (~> 19.0)
  - network_info_plus (from `.symlinks/plugins/network_info_plus/ios`)
  - path_provider_foundation (from `.symlinks/plugins/path_provider_foundation/darwin`)
  - shared_preferences_foundation (from `.symlinks/plugins/shared_preferences_foundation/darwin`)
  - video_player_avfoundation (from `.symlinks/plugins/video_player_avfoundation/darwin`)

SPEC REPOS:
  trunk:
    - KeychainSwift
    - MobileVLCKit

EXTERNAL SOURCES:
  Flutter:
    :path: Flutter
  flutter_secure_storage:
    :path: ".symlinks/plugins/flutter_secure_storage/ios"
  flutter_siri_shortcuts:
    :path: ".symlinks/plugins/flutter_siri_shortcuts/ios"
  flutter_siri_suggestions:
    :path: ".symlinks/plugins/flutter_siri_suggestions/ios"
  flutter_vlc_player:
    :path: ".symlinks/plugins/flutter_vlc_player/ios"
  network_info_plus:
    :path: ".symlinks/plugins/network_info_plus/ios"
  path_provider_foundation:
    :path: ".symlinks/plugins/path_provider_foundation/darwin"
  shared_preferences_foundation:
    :path: ".symlinks/plugins/shared_preferences_foundation/darwin"
  video_player_avfoundation:
    :path: ".symlinks/plugins/video_player_avfoundation/darwin"

SPEC CHECKSUMS:
  Flutter: e0871f40cf51350855a761d2e70bf5af5b9b5de7
  flutter_secure_storage: 23fc622d89d073675f2eaa109381aefbcf5a49be
  flutter_siri_shortcuts: e7987324b1ddc2ebb24b5f4424091f215836acef
  flutter_siri_suggestions: 226fb7ef33d25d3fe0d4aa2a8bcf4b72730c466f
  flutter_vlc_player: 2e318881576450ff081eb023d47c289f2c6681eb
  KeychainSwift: a06190cf933ad46b1e0abc3d77d29c06331715c7
  MobileVLCKit: d20b1e96a93446d97abd377a1daa230202147619
  network_info_plus: 9d930145451916919786087c4173226363616071
  path_provider_foundation: 3784922295ac71e43754bd15e0653ccfd36a147c
  shared_preferences_foundation: b4c3b4cddf1c21f02770737f147a3f5da9d39695
  video_player_avfoundation: 2b4384f3b157206b5e150a0083cdc0c905d260d3

PODFILE CHECKSUM: 9b9d4bb1bfe0b9f3978ac373698fdcceeb90a8ee

COCOAPODS: 1.14.3
